
Microsoft Visual Studio Solution File, Format Version 12.00
# Visual Studio 15
VisualStudioVersion = 15.0.27703.2047
MinimumVisualStudioVersion = 10.0.40219.1
Project("{FAE04EC0-301F-11D3-BF4B-00C04F79EFBC}") = "Entidades", "Entidades\Entidades.csproj", "{3F546BE8-B949-4347-B1A9-0EBF402FB253}"
EndProject
Project("{FAE04EC0-301F-11D3-BF4B-00C04F79EFBC}") = "Test", "Test\Test.csproj", "{AC46C16B-3FC5-41FD-9278-57F6830CFC50}"
EndProject
Project("{FAE04EC0-301F-11D3-BF4B-00C04F79EFBC}") = "GUI", "GUI\GUI.csproj", "{7D9AA330-4F9F-4D23-B651-FA64E07A098F}"
EndProject
Global
	GlobalSection(SolutionConfigurationPlatforms) = preSolution
		Debug|Any CPU = Debug|Any CPU
		Release|Any CPU = Release|Any CPU
	EndGlobalSection
	GlobalSection(ProjectConfigurationPlatforms) = postSolution
		{3F546BE8-B949-4347-B1A9-0EBF402FB253}.Debug|Any CPU.ActiveCfg = Debug|Any CPU
		{3F546BE8-B949-4347-B1A9-0EBF402FB253}.Debug|Any CPU.Build.0 = Debug|Any CPU
		{3F546BE8-B949-4347-B1A9-0EBF402FB253}.Release|Any CPU.ActiveCfg = Release|Any CPU
		{3F546BE8-B949-4347-B1A9-0EBF402FB253}.Release|Any CPU.Build.0 = Release|Any CPU
		{AC46C16B-3FC5-41FD-9278-57F6830CFC50}.Debug|Any CPU.ActiveCfg = Debug|Any CPU
		{AC46C16B-3FC5-41FD-9278-57F6830CFC50}.Debug|Any CPU.Build.0 = Debug|Any CPU
		{AC46C16B-3FC5-41FD-9278-57F6830CFC50}.Release|Any CPU.ActiveCfg = Release|Any CPU
		{AC46C16B-3FC5-41FD-9278-57F6830CFC50}.Release|Any CPU.Build.0 = Release|Any CPU
		{7D9AA330-4F9F-4D23-B651-FA64E07A098F}.Debug|Any CPU.ActiveCfg = Debug|Any CPU
		{7D9AA330-4F9F-4D23-B651-FA64E07A098F}.Debug|Any CPU.Build.0 = Debug|Any CPU
		{7D9AA330-4F9F-4D23-B651-FA64E07A098F}.Release|Any CPU.ActiveCfg = Release|Any CPU
		{7D9AA330-4F9F-4D23-B651-FA64E07A098F}.Release|Any CPU.Build.0 = Release|Any CPU
	EndGlobalSection
	GlobalSection(SolutionProperties) = preSolution
		HideSolutionNode = FALSE
	EndGlobalSection
	GlobalSection(ExtensibilityGlobals) = postSolution
		SolutionGuid = {6627EECE-187E-46CE-8F96-4ACC4D90DB7D}
	EndGlobalSection
EndGlobal
