
Microsoft Visual Studio Solution File, Format Version 12.00
# Visual Studio 15
VisualStudioVersion = 15.0.27703.2047
MinimumVisualStudioVersion = 10.0.40219.1
Project("{FAE04EC0-301F-11D3-BF4B-00C04F79EFBC}") = "Serializacion_Form", "Serializacion_Form\Serializacion_Form.csproj", "{D2B12AB8-6CE6-4226-A392-3E5DE8A1EBBC}"
EndProject
Project("{FAE04EC0-301F-11D3-BF4B-00C04F79EFBC}") = "Entidades", "Entidades\Entidades.csproj", "{435FD80A-5EFA-4DD0-94D3-A8B41A840283}"
EndProject
Global
	GlobalSection(SolutionConfigurationPlatforms) = preSolution
		Debug|Any CPU = Debug|Any CPU
		Release|Any CPU = Release|Any CPU
	EndGlobalSection
	GlobalSection(ProjectConfigurationPlatforms) = postSolution
		{D2B12AB8-6CE6-4226-A392-3E5DE8A1EBBC}.Debug|Any CPU.ActiveCfg = Debug|Any CPU
		{D2B12AB8-6CE6-4226-A392-3E5DE8A1EBBC}.Debug|Any CPU.Build.0 = Debug|Any CPU
		{D2B12AB8-6CE6-4226-A392-3E5DE8A1EBBC}.Release|Any CPU.ActiveCfg = Release|Any CPU
		{D2B12AB8-6CE6-4226-A392-3E5DE8A1EBBC}.Release|Any CPU.Build.0 = Release|Any CPU
		{435FD80A-5EFA-4DD0-94D3-A8B41A840283}.Debug|Any CPU.ActiveCfg = Debug|Any CPU
		{435FD80A-5EFA-4DD0-94D3-A8B41A840283}.Debug|Any CPU.Build.0 = Debug|Any CPU
		{435FD80A-5EFA-4DD0-94D3-A8B41A840283}.Release|Any CPU.ActiveCfg = Release|Any CPU
		{435FD80A-5EFA-4DD0-94D3-A8B41A840283}.Release|Any CPU.Build.0 = Release|Any CPU
	EndGlobalSection
	GlobalSection(SolutionProperties) = preSolution
		HideSolutionNode = FALSE
	EndGlobalSection
	GlobalSection(ExtensibilityGlobals) = postSolution
		SolutionGuid = {5780DDCB-CC0A-478A-B160-E018C34B7E3F}
	EndGlobalSection
EndGlobal
