
Microsoft Visual Studio Solution File, Format Version 12.00
# Visual Studio 15
VisualStudioVersion = 15.0.28307.645
MinimumVisualStudioVersion = 10.0.40219.1
Project("{FAE04EC0-301F-11D3-BF4B-00C04F79EFBC}") = "Entidades", "Entidades\Entidades.csproj", "{75D877C2-4488-41C0-AF68-F675A5F1A386}"
EndProject
Project("{FAE04EC0-301F-11D3-BF4B-00C04F79EFBC}") = "Test", "Test\Test.csproj", "{E6E36418-4998-4E6D-A46A-2097C07A4493}"
EndProject
Global
	GlobalSection(SolutionConfigurationPlatforms) = preSolution
		Debug|Any CPU = Debug|Any CPU
		Release|Any CPU = Release|Any CPU
	EndGlobalSection
	GlobalSection(ProjectConfigurationPlatforms) = postSolution
		{75D877C2-4488-41C0-AF68-F675A5F1A386}.Debug|Any CPU.ActiveCfg = Debug|Any CPU
		{75D877C2-4488-41C0-AF68-F675A5F1A386}.Debug|Any CPU.Build.0 = Debug|Any CPU
		{75D877C2-4488-41C0-AF68-F675A5F1A386}.Release|Any CPU.ActiveCfg = Release|Any CPU
		{75D877C2-4488-41C0-AF68-F675A5F1A386}.Release|Any CPU.Build.0 = Release|Any CPU
		{E6E36418-4998-4E6D-A46A-2097C07A4493}.Debug|Any CPU.ActiveCfg = Debug|Any CPU
		{E6E36418-4998-4E6D-A46A-2097C07A4493}.Debug|Any CPU.Build.0 = Debug|Any CPU
		{E6E36418-4998-4E6D-A46A-2097C07A4493}.Release|Any CPU.ActiveCfg = Release|Any CPU
		{E6E36418-4998-4E6D-A46A-2097C07A4493}.Release|Any CPU.Build.0 = Release|Any CPU
	EndGlobalSection
	GlobalSection(SolutionProperties) = preSolution
		HideSolutionNode = FALSE
	EndGlobalSection
	GlobalSection(ExtensibilityGlobals) = postSolution
		SolutionGuid = {32C7F6AD-CC28-4E33-BE42-41AADEFA7AF7}
	EndGlobalSection
EndGlobal
