
Microsoft Visual Studio Solution File, Format Version 12.00
# Visual Studio 15
VisualStudioVersion = 15.0.27703.2047
MinimumVisualStudioVersion = 10.0.40219.1
Project("{FAE04EC0-301F-11D3-BF4B-00C04F79EFBC}") = "Ejercicio01", "Ejercicio01\Ejercicio01.csproj", "{605639D4-DB18-4DC8-A2C1-5F62270A715C}"
EndProject
Project("{FAE04EC0-301F-11D3-BF4B-00C04F79EFBC}") = "Ejercicio02", "Ejercicio02\Ejercicio02.csproj", "{FB6C6794-32ED-4C67-8DF6-70239CC6782D}"
EndProject
Project("{FAE04EC0-301F-11D3-BF4B-00C04F79EFBC}") = "Ejercicio03", "Ejercicio03\Ejercicio03.csproj", "{D02C4C63-219C-420B-8B14-CC048F0F6465}"
EndProject
Project("{FAE04EC0-301F-11D3-BF4B-00C04F79EFBC}") = "Ejercicio04", "Ejercicio04\Ejercicio04.csproj", "{8C0A29A9-91E6-49B8-A8B6-2523A5ECFC01}"
EndProject
Project("{FAE04EC0-301F-11D3-BF4B-00C04F79EFBC}") = "Ejercicio05", "Ejercicio05\Ejercicio05.csproj", "{C1C08F1F-24F4-4101-A99E-4DF3D48FC804}"
EndProject
Project("{FAE04EC0-301F-11D3-BF4B-00C04F79EFBC}") = "Ejercicio06", "Ejercicio06\Ejercicio06.csproj", "{B5575499-9A11-40AF-889E-74FEDA7003E5}"
EndProject
Project("{FAE04EC0-301F-11D3-BF4B-00C04F79EFBC}") = "Ejercicio07", "Ejercicio07\Ejercicio07.csproj", "{169B0F1F-7214-4A00-A608-FC111727D0F8}"
EndProject
Project("{FAE04EC0-301F-11D3-BF4B-00C04F79EFBC}") = "Ejercicio08", "Ejercicio08\Ejercicio08.csproj", "{62EBD20D-962A-4866-89B9-91735E6450EE}"
EndProject
Project("{FAE04EC0-301F-11D3-BF4B-00C04F79EFBC}") = "Ejercicio09", "Ejercicio09\Ejercicio09.csproj", "{5C94510E-CEDE-40AD-9521-2AF2D23975EA}"
EndProject
Project("{FAE04EC0-301F-11D3-BF4B-00C04F79EFBC}") = "Ejercicio10", "Ejercicio10\Ejercicio10.csproj", "{EB1E3D57-8789-4794-BE17-320298B4BAC7}"
EndProject
Project("{FAE04EC0-301F-11D3-BF4B-00C04F79EFBC}") = "Ejercicio11", "Ejercicio11\Ejercicio11.csproj", "{B6138B99-D2AA-40B4-8302-B172EFC69BF9}"
EndProject
Project("{FAE04EC0-301F-11D3-BF4B-00C04F79EFBC}") = "Ejercicio12", "Ejercicio12\Ejercicio12.csproj", "{C1FF629A-75A4-4330-AF39-FCE2B05658E2}"
EndProject
Project("{FAE04EC0-301F-11D3-BF4B-00C04F79EFBC}") = "Ejercicio13", "Ejercicio13\Ejercicio13.csproj", "{3CC398FE-1199-4204-BA2E-C9DB12788450}"
EndProject
Project("{FAE04EC0-301F-11D3-BF4B-00C04F79EFBC}") = "Ejercicio14", "Ejercicio14\Ejercicio14.csproj", "{3840A16B-2078-4B53-837C-61B3474DE2BC}"
EndProject
Project("{FAE04EC0-301F-11D3-BF4B-00C04F79EFBC}") = "Ejercicio15", "Ejercicio15\Ejercicio15.csproj", "{F92545ED-6F3E-467A-BF82-25A9E1C94520}"
EndProject
Project("{FAE04EC0-301F-11D3-BF4B-00C04F79EFBC}") = "Ejercicio16", "Ejercicio16\Ejercicio16.csproj", "{7F3D2FC2-8983-4CBE-A476-919E0C785BAA}"
EndProject
Project("{FAE04EC0-301F-11D3-BF4B-00C04F79EFBC}") = "Ejercicio17", "Ejercicio17\Ejercicio17.csproj", "{8013525B-0B2F-4F90-8216-B681BE5CD203}"
EndProject
Project("{FAE04EC0-301F-11D3-BF4B-00C04F79EFBC}") = "Ejercicio18", "Ejercicio18\Ejercicio18.csproj", "{EF9D3D86-D4E6-4824-BD34-9C641EC30797}"
EndProject
Project("{FAE04EC0-301F-11D3-BF4B-00C04F79EFBC}") = "Ejercicio19", "Ejercicio19\Ejercicio19.csproj", "{2D59EE1E-DF03-40CB-845A-7455A9C47404}"
EndProject
Global
	GlobalSection(SolutionConfigurationPlatforms) = preSolution
		Debug|Any CPU = Debug|Any CPU
		Release|Any CPU = Release|Any CPU
	EndGlobalSection
	GlobalSection(ProjectConfigurationPlatforms) = postSolution
		{605639D4-DB18-4DC8-A2C1-5F62270A715C}.Debug|Any CPU.ActiveCfg = Debug|Any CPU
		{605639D4-DB18-4DC8-A2C1-5F62270A715C}.Debug|Any CPU.Build.0 = Debug|Any CPU
		{605639D4-DB18-4DC8-A2C1-5F62270A715C}.Release|Any CPU.ActiveCfg = Release|Any CPU
		{605639D4-DB18-4DC8-A2C1-5F62270A715C}.Release|Any CPU.Build.0 = Release|Any CPU
		{FB6C6794-32ED-4C67-8DF6-70239CC6782D}.Debug|Any CPU.ActiveCfg = Debug|Any CPU
		{FB6C6794-32ED-4C67-8DF6-70239CC6782D}.Debug|Any CPU.Build.0 = Debug|Any CPU
		{FB6C6794-32ED-4C67-8DF6-70239CC6782D}.Release|Any CPU.ActiveCfg = Release|Any CPU
		{FB6C6794-32ED-4C67-8DF6-70239CC6782D}.Release|Any CPU.Build.0 = Release|Any CPU
		{D02C4C63-219C-420B-8B14-CC048F0F6465}.Debug|Any CPU.ActiveCfg = Debug|Any CPU
		{D02C4C63-219C-420B-8B14-CC048F0F6465}.Debug|Any CPU.Build.0 = Debug|Any CPU
		{D02C4C63-219C-420B-8B14-CC048F0F6465}.Release|Any CPU.ActiveCfg = Release|Any CPU
		{D02C4C63-219C-420B-8B14-CC048F0F6465}.Release|Any CPU.Build.0 = Release|Any CPU
		{8C0A29A9-91E6-49B8-A8B6-2523A5ECFC01}.Debug|Any CPU.ActiveCfg = Debug|Any CPU
		{8C0A29A9-91E6-49B8-A8B6-2523A5ECFC01}.Debug|Any CPU.Build.0 = Debug|Any CPU
		{8C0A29A9-91E6-49B8-A8B6-2523A5ECFC01}.Release|Any CPU.ActiveCfg = Release|Any CPU
		{8C0A29A9-91E6-49B8-A8B6-2523A5ECFC01}.Release|Any CPU.Build.0 = Release|Any CPU
		{C1C08F1F-24F4-4101-A99E-4DF3D48FC804}.Debug|Any CPU.ActiveCfg = Debug|Any CPU
		{C1C08F1F-24F4-4101-A99E-4DF3D48FC804}.Debug|Any CPU.Build.0 = Debug|Any CPU
		{C1C08F1F-24F4-4101-A99E-4DF3D48FC804}.Release|Any CPU.ActiveCfg = Release|Any CPU
		{C1C08F1F-24F4-4101-A99E-4DF3D48FC804}.Release|Any CPU.Build.0 = Release|Any CPU
		{B5575499-9A11-40AF-889E-74FEDA7003E5}.Debug|Any CPU.ActiveCfg = Debug|Any CPU
		{B5575499-9A11-40AF-889E-74FEDA7003E5}.Debug|Any CPU.Build.0 = Debug|Any CPU
		{B5575499-9A11-40AF-889E-74FEDA7003E5}.Release|Any CPU.ActiveCfg = Release|Any CPU
		{B5575499-9A11-40AF-889E-74FEDA7003E5}.Release|Any CPU.Build.0 = Release|Any CPU
		{169B0F1F-7214-4A00-A608-FC111727D0F8}.Debug|Any CPU.ActiveCfg = Debug|Any CPU
		{169B0F1F-7214-4A00-A608-FC111727D0F8}.Debug|Any CPU.Build.0 = Debug|Any CPU
		{169B0F1F-7214-4A00-A608-FC111727D0F8}.Release|Any CPU.ActiveCfg = Release|Any CPU
		{169B0F1F-7214-4A00-A608-FC111727D0F8}.Release|Any CPU.Build.0 = Release|Any CPU
		{62EBD20D-962A-4866-89B9-91735E6450EE}.Debug|Any CPU.ActiveCfg = Debug|Any CPU
		{62EBD20D-962A-4866-89B9-91735E6450EE}.Debug|Any CPU.Build.0 = Debug|Any CPU
		{62EBD20D-962A-4866-89B9-91735E6450EE}.Release|Any CPU.ActiveCfg = Release|Any CPU
		{62EBD20D-962A-4866-89B9-91735E6450EE}.Release|Any CPU.Build.0 = Release|Any CPU
		{5C94510E-CEDE-40AD-9521-2AF2D23975EA}.Debug|Any CPU.ActiveCfg = Debug|Any CPU
		{5C94510E-CEDE-40AD-9521-2AF2D23975EA}.Debug|Any CPU.Build.0 = Debug|Any CPU
		{5C94510E-CEDE-40AD-9521-2AF2D23975EA}.Release|Any CPU.ActiveCfg = Release|Any CPU
		{5C94510E-CEDE-40AD-9521-2AF2D23975EA}.Release|Any CPU.Build.0 = Release|Any CPU
		{EB1E3D57-8789-4794-BE17-320298B4BAC7}.Debug|Any CPU.ActiveCfg = Debug|Any CPU
		{EB1E3D57-8789-4794-BE17-320298B4BAC7}.Debug|Any CPU.Build.0 = Debug|Any CPU
		{EB1E3D57-8789-4794-BE17-320298B4BAC7}.Release|Any CPU.ActiveCfg = Release|Any CPU
		{EB1E3D57-8789-4794-BE17-320298B4BAC7}.Release|Any CPU.Build.0 = Release|Any CPU
		{B6138B99-D2AA-40B4-8302-B172EFC69BF9}.Debug|Any CPU.ActiveCfg = Debug|Any CPU
		{B6138B99-D2AA-40B4-8302-B172EFC69BF9}.Debug|Any CPU.Build.0 = Debug|Any CPU
		{B6138B99-D2AA-40B4-8302-B172EFC69BF9}.Release|Any CPU.ActiveCfg = Release|Any CPU
		{B6138B99-D2AA-40B4-8302-B172EFC69BF9}.Release|Any CPU.Build.0 = Release|Any CPU
		{C1FF629A-75A4-4330-AF39-FCE2B05658E2}.Debug|Any CPU.ActiveCfg = Debug|Any CPU
		{C1FF629A-75A4-4330-AF39-FCE2B05658E2}.Debug|Any CPU.Build.0 = Debug|Any CPU
		{C1FF629A-75A4-4330-AF39-FCE2B05658E2}.Release|Any CPU.ActiveCfg = Release|Any CPU
		{C1FF629A-75A4-4330-AF39-FCE2B05658E2}.Release|Any CPU.Build.0 = Release|Any CPU
		{3CC398FE-1199-4204-BA2E-C9DB12788450}.Debug|Any CPU.ActiveCfg = Debug|Any CPU
		{3CC398FE-1199-4204-BA2E-C9DB12788450}.Debug|Any CPU.Build.0 = Debug|Any CPU
		{3CC398FE-1199-4204-BA2E-C9DB12788450}.Release|Any CPU.ActiveCfg = Release|Any CPU
		{3CC398FE-1199-4204-BA2E-C9DB12788450}.Release|Any CPU.Build.0 = Release|Any CPU
		{3840A16B-2078-4B53-837C-61B3474DE2BC}.Debug|Any CPU.ActiveCfg = Debug|Any CPU
		{3840A16B-2078-4B53-837C-61B3474DE2BC}.Debug|Any CPU.Build.0 = Debug|Any CPU
		{3840A16B-2078-4B53-837C-61B3474DE2BC}.Release|Any CPU.ActiveCfg = Release|Any CPU
		{3840A16B-2078-4B53-837C-61B3474DE2BC}.Release|Any CPU.Build.0 = Release|Any CPU
		{F92545ED-6F3E-467A-BF82-25A9E1C94520}.Debug|Any CPU.ActiveCfg = Debug|Any CPU
		{F92545ED-6F3E-467A-BF82-25A9E1C94520}.Debug|Any CPU.Build.0 = Debug|Any CPU
		{F92545ED-6F3E-467A-BF82-25A9E1C94520}.Release|Any CPU.ActiveCfg = Release|Any CPU
		{F92545ED-6F3E-467A-BF82-25A9E1C94520}.Release|Any CPU.Build.0 = Release|Any CPU
		{7F3D2FC2-8983-4CBE-A476-919E0C785BAA}.Debug|Any CPU.ActiveCfg = Debug|Any CPU
		{7F3D2FC2-8983-4CBE-A476-919E0C785BAA}.Debug|Any CPU.Build.0 = Debug|Any CPU
		{7F3D2FC2-8983-4CBE-A476-919E0C785BAA}.Release|Any CPU.ActiveCfg = Release|Any CPU
		{7F3D2FC2-8983-4CBE-A476-919E0C785BAA}.Release|Any CPU.Build.0 = Release|Any CPU
		{8013525B-0B2F-4F90-8216-B681BE5CD203}.Debug|Any CPU.ActiveCfg = Debug|Any CPU
		{8013525B-0B2F-4F90-8216-B681BE5CD203}.Debug|Any CPU.Build.0 = Debug|Any CPU
		{8013525B-0B2F-4F90-8216-B681BE5CD203}.Release|Any CPU.ActiveCfg = Release|Any CPU
		{8013525B-0B2F-4F90-8216-B681BE5CD203}.Release|Any CPU.Build.0 = Release|Any CPU
		{EF9D3D86-D4E6-4824-BD34-9C641EC30797}.Debug|Any CPU.ActiveCfg = Debug|Any CPU
		{EF9D3D86-D4E6-4824-BD34-9C641EC30797}.Debug|Any CPU.Build.0 = Debug|Any CPU
		{EF9D3D86-D4E6-4824-BD34-9C641EC30797}.Release|Any CPU.ActiveCfg = Release|Any CPU
		{EF9D3D86-D4E6-4824-BD34-9C641EC30797}.Release|Any CPU.Build.0 = Release|Any CPU
		{2D59EE1E-DF03-40CB-845A-7455A9C47404}.Debug|Any CPU.ActiveCfg = Debug|Any CPU
		{2D59EE1E-DF03-40CB-845A-7455A9C47404}.Debug|Any CPU.Build.0 = Debug|Any CPU
		{2D59EE1E-DF03-40CB-845A-7455A9C47404}.Release|Any CPU.ActiveCfg = Release|Any CPU
		{2D59EE1E-DF03-40CB-845A-7455A9C47404}.Release|Any CPU.Build.0 = Release|Any CPU
	EndGlobalSection
	GlobalSection(SolutionProperties) = preSolution
		HideSolutionNode = FALSE
	EndGlobalSection
	GlobalSection(ExtensibilityGlobals) = postSolution
		SolutionGuid = {20791EC3-32A4-4F9A-99C2-2B4B48C0F4DC}
	EndGlobalSection
EndGlobal
