
Microsoft Visual Studio Solution File, Format Version 12.00
# Visual Studio 15
VisualStudioVersion = 15.0.27703.2047
MinimumVisualStudioVersion = 10.0.40219.1
Project("{FAE04EC0-301F-11D3-BF4B-00C04F79EFBC}") = "Ejercicio01", "Ejercicio01\Ejercicio01.csproj", "{605639D4-DB18-4DC8-A2C1-5F62270A715C}"
EndProject
Project("{FAE04EC0-301F-11D3-BF4B-00C04F79EFBC}") = "Ejercicio02", "Ejercicio02\Ejercicio02.csproj", "{FB6C6794-32ED-4C67-8DF6-70239CC6782D}"
EndProject
Project("{FAE04EC0-301F-11D3-BF4B-00C04F79EFBC}") = "Ejercicio03", "Ejercicio03\Ejercicio03.csproj", "{D02C4C63-219C-420B-8B14-CC048F0F6465}"
EndProject
Project("{FAE04EC0-301F-11D3-BF4B-00C04F79EFBC}") = "Ejercicio04", "Ejercicio04\Ejercicio04.csproj", "{8C0A29A9-91E6-49B8-A8B6-2523A5ECFC01}"
EndProject
Project("{FAE04EC0-301F-11D3-BF4B-00C04F79EFBC}") = "Ejercicio05", "Ejercicio05\Ejercicio05.csproj", "{C1C08F1F-24F4-4101-A99E-4DF3D48FC804}"
EndProject
Project("{FAE04EC0-301F-11D3-BF4B-00C04F79EFBC}") = "Ejercicio06", "Ejercicio06\Ejercicio06.csproj", "{B5575499-9A11-40AF-889E-74FEDA7003E5}"
EndProject
Project("{FAE04EC0-301F-11D3-BF4B-00C04F79EFBC}") = "Ejercicio07", "Ejercicio07\Ejercicio07.csproj", "{169B0F1F-7214-4A00-A608-FC111727D0F8}"
EndProject
Project("{FAE04EC0-301F-11D3-BF4B-00C04F79EFBC}") = "Ejercicio08", "Ejercicio08\Ejercicio08.csproj", "{62EBD20D-962A-4866-89B9-91735E6450EE}"
EndProject
Project("{FAE04EC0-301F-11D3-BF4B-00C04F79EFBC}") = "Ejercicio09", "Ejercicio09\Ejercicio09.csproj", "{5C94510E-CEDE-40AD-9521-2AF2D23975EA}"
EndProject
Project("{FAE04EC0-301F-11D3-BF4B-00C04F79EFBC}") = "Ejercicio10", "Ejercicio10\Ejercicio10.csproj", "{EB1E3D57-8789-4794-BE17-320298B4BAC7}"
EndProject
Project("{FAE04EC0-301F-11D3-BF4B-00C04F79EFBC}") = "Ejercicio11", "Ejercicio11\Ejercicio11.csproj", "{B6138B99-D2AA-40B4-8302-B172EFC69BF9}"
EndProject
Project("{FAE04EC0-301F-11D3-BF4B-00C04F79EFBC}") = "Ejercicio12", "Ejercicio12\Ejercicio12.csproj", "{C1FF629A-75A4-4330-AF39-FCE2B05658E2}"
EndProject
Project("{FAE04EC0-301F-11D3-BF4B-00C04F79EFBC}") = "Ejercicio13", "Ejercicio13\Ejercicio13.csproj", "{3CC398FE-1199-4204-BA2E-C9DB12788450}"
EndProject
Project("{FAE04EC0-301F-11D3-BF4B-00C04F79EFBC}") = "Ejercicio14", "Ejercicio14\Ejercicio14.csproj", "{3840A16B-2078-4B53-837C-61B3474DE2BC}"
EndProject
Project("{FAE04EC0-301F-11D3-BF4B-00C04F79EFBC}") = "Ejercicio15", "Ejercicio15\Ejercicio15.csproj", "{F92545ED-6F3E-467A-BF82-25A9E1C94520}"
EndProject
Project("{FAE04EC0-301F-11D3-BF4B-00C04F79EFBC}") = "Ejercicio16", "Ejercicio16\Ejercicio16.csproj", "{7F3D2FC2-8983-4CBE-A476-919E0C785BAA}"
EndProject
Project("{FAE04EC0-301F-11D3-BF4B-00C04F79EFBC}") = "Ejercicio17", "Ejercicio17\Ejercicio17.csproj", "{8013525B-0B2F-4F90-8216-B681BE5CD203}"
EndProject
Project("{FAE04EC0-301F-11D3-BF4B-00C04F79EFBC}") = "Ejercicio18", "Ejercicio18\Ejercicio18.csproj", "{EF9D3D86-D4E6-4824-BD34-9C641EC30797}"
EndProject
Project("{FAE04EC0-301F-11D3-BF4B-00C04F79EFBC}") = "Ejercicio19", "Ejercicio19\Ejercicio19.csproj", "{2D59EE1E-DF03-40CB-845A-7455A9C47404}"
EndProject
Project("{FAE04EC0-301F-11D3-BF4B-00C04F79EFBC}") = "Ejercicio20", "Ejercicio20\Ejercicio20.csproj", "{3F71DFAC-7A54-4FB1-BABA-D4773C7C1064}"
EndProject
Project("{FAE04EC0-301F-11D3-BF4B-00C04F79EFBC}") = "Ejercicio21", "Ejercicio21\Ejercicio21.csproj", "{ED901E02-CBB5-4BF3-9AA9-5C92A980EAAD}"
EndProject
Project("{FAE04EC0-301F-11D3-BF4B-00C04F79EFBC}") = "Ejercicio22", "Ejercicio22\Ejercicio22.csproj", "{01E882E3-21A4-4CF5-AD4C-F629F1014CBE}"
EndProject
Project("{FAE04EC0-301F-11D3-BF4B-00C04F79EFBC}") = "Ejercicio23", "Ejercicio23\Ejercicio23.csproj", "{768447F5-B32A-4A92-B887-2CB8770F972B}"
EndProject
Project("{FAE04EC0-301F-11D3-BF4B-00C04F79EFBC}") = "Ejercicio24", "Ejercicio24\Ejercicio24.csproj", "{E2274D5D-9924-456A-B428-342B24DCDCD9}"
EndProject
Project("{FAE04EC0-301F-11D3-BF4B-00C04F79EFBC}") = "Ejercicio25", "Ejercicio25\Ejercicio25.csproj", "{EF298A1F-5E53-450B-BBB1-3A0A59343100}"
EndProject
Project("{FAE04EC0-301F-11D3-BF4B-00C04F79EFBC}") = "Ejercicio26", "Ejercicio26\Ejercicio26.csproj", "{E4410B29-D1ED-42BB-996A-91566C5B2422}"
EndProject
Project("{FAE04EC0-301F-11D3-BF4B-00C04F79EFBC}") = "Ejercicio27", "Ejercicio27\Ejercicio27.csproj", "{69EA5C17-A835-4724-A5A7-D29475501244}"
EndProject
Project("{FAE04EC0-301F-11D3-BF4B-00C04F79EFBC}") = "Ejercicio28", "Ejercicio28\Ejercicio28.csproj", "{CFF1E491-3BA9-4D68-A9D9-157585FCF36E}"
EndProject
Project("{FAE04EC0-301F-11D3-BF4B-00C04F79EFBC}") = "Ejercicio29", "Ejercicio29\Ejercicio29.csproj", "{9313CC0D-249F-4070-AA3B-C12CABA77EDE}"
EndProject
Project("{FAE04EC0-301F-11D3-BF4B-00C04F79EFBC}") = "Ejercicio30", "Ejercicio30\Ejercicio30.csproj", "{CC5CAE22-325B-4D6F-8C0C-C2A3998B1909}"
EndProject
Project("{FAE04EC0-301F-11D3-BF4B-00C04F79EFBC}") = "Ejercicio31", "Ejercicio31\Ejercicio31.csproj", "{B6880982-B751-44A2-9D48-4929267B24FA}"
EndProject
Project("{FAE04EC0-301F-11D3-BF4B-00C04F79EFBC}") = "Ejercicio32", "Ejercicio32\Ejercicio32.csproj", "{B907D6AD-1C51-4A12-BF59-49C3E880FA52}"
EndProject
Project("{FAE04EC0-301F-11D3-BF4B-00C04F79EFBC}") = "Ejercicio33", "Ejercicio33\Ejercicio33.csproj", "{15275567-65C8-4DDE-94DB-0BCBC8DBC414}"
EndProject
Project("{FAE04EC0-301F-11D3-BF4B-00C04F79EFBC}") = "Ejercicio34", "Ejercicio34\Ejercicio34.csproj", "{853C7229-1331-4DDA-95CC-541AB2410CB6}"
EndProject
Project("{FAE04EC0-301F-11D3-BF4B-00C04F79EFBC}") = "Ejercicio35", "Ejercicio35\Ejercicio35.csproj", "{72E9FC95-152F-4BA2-A016-E30B257D625F}"
EndProject
Project("{FAE04EC0-301F-11D3-BF4B-00C04F79EFBC}") = "Ejercicio36", "Ejercicio36\Ejercicio36.csproj", "{43C7A87A-D612-43E6-B333-378DD90A887C}"
EndProject
Project("{FAE04EC0-301F-11D3-BF4B-00C04F79EFBC}") = "Ejercicio37", "Ejercicio37\Ejercicio37.csproj", "{1ECB058B-915B-48D9-A603-AF4A1BE06B6E}"
EndProject
Project("{FAE04EC0-301F-11D3-BF4B-00C04F79EFBC}") = "Ejercicio37 Entidades", "Ejercicio37 Entidades\Ejercicio37 Entidades.csproj", "{B27F90BC-18A1-453C-81D3-8DFD352901F5}"
EndProject
Project("{FAE04EC0-301F-11D3-BF4B-00C04F79EFBC}") = "Ejercicio38", "Ejercicio38\Ejercicio38.csproj", "{28252797-8B67-412D-AD1F-2B18FEFAED0C}"
EndProject
Project("{FAE04EC0-301F-11D3-BF4B-00C04F79EFBC}") = "Ejercicio39", "Ejercicio39\Ejercicio39.csproj", "{2B9545A3-869A-4468-9185-1C26E439C0F9}"
EndProject
Project("{FAE04EC0-301F-11D3-BF4B-00C04F79EFBC}") = "Ejercicio40", "Ejercicio40\Ejercicio40.csproj", "{37FED623-2BE9-43E3-92C7-366F98FDC051}"
EndProject
Project("{FAE04EC0-301F-11D3-BF4B-00C04F79EFBC}") = "Ejercicio40 Entidades", "Ejercicio40 Entidades\Ejercicio40 Entidades.csproj", "{F6F561AD-90B1-4593-84E7-B1E5F06836B6}"
EndProject
Project("{FAE04EC0-301F-11D3-BF4B-00C04F79EFBC}") = "Ejercicio40_Formulario", "Ejercicio40_Formulario\Ejercicio40_Formulario.csproj", "{542463FF-1015-47E5-9ACE-307A169DC3E0}"
EndProject
Project("{FAE04EC0-301F-11D3-BF4B-00C04F79EFBC}") = "Ejercicio41", "Ejercicio41\Ejercicio41.csproj", "{A2DF362A-C8A9-445F-88E1-A62841BE6A1C}"
EndProject
Project("{FAE04EC0-301F-11D3-BF4B-00C04F79EFBC}") = "Ejercicio41_Entidades", "Ejercicio41_Entidades\Ejercicio41_Entidades.csproj", "{797D1187-8987-4320-AA1F-573D402D2842}"
EndProject
Project("{FAE04EC0-301F-11D3-BF4B-00C04F79EFBC}") = "Ejercicio41_Formulario", "Ejercicio41_Formulario\Ejercicio41_Formulario.csproj", "{02A5717A-84F4-4DE8-805C-C7E8541A4C67}"
EndProject
Project("{FAE04EC0-301F-11D3-BF4B-00C04F79EFBC}") = "Ejercicio42", "Ejercicio42\Ejercicio42.csproj", "{A3EEF789-B73A-4BC6-9F24-6EC9F986FBCD}"
EndProject
Project("{FAE04EC0-301F-11D3-BF4B-00C04F79EFBC}") = "Ejercicio42_Entidades", "Ejercicio42_Entidades\Ejercicio42_Entidades.csproj", "{9726CD5C-F7A4-4CFA-985A-8BA95982A354}"
EndProject
Project("{FAE04EC0-301F-11D3-BF4B-00C04F79EFBC}") = "Ejercicio36_Entidades", "Ejercicio36_Entidades\Ejercicio36_Entidades.csproj", "{1B3D20A4-83C0-40DE-8444-77F9F0B8EB0A}"
EndProject
Project("{FAE04EC0-301F-11D3-BF4B-00C04F79EFBC}") = "Ejercicio44_TestCentralita", "TestCentralita\Ejercicio44_TestCentralita.csproj", "{2310347F-6544-41A5-BF1D-316AC273DEC0}"
EndProject
Project("{FAE04EC0-301F-11D3-BF4B-00C04F79EFBC}") = "Ejercicio43", "Ejercicio43\Ejercicio43.csproj", "{DC94FAEE-EB52-4716-B511-DF487AB85432}"
EndProject
Project("{FAE04EC0-301F-11D3-BF4B-00C04F79EFBC}") = "Ejercicio43_Entidades", "Ejercicio43_Entidades\Ejercicio43_Entidades.csproj", "{92176BA1-E5AB-4EF4-9EF0-4C61AC02D990}"
EndProject
Global
	GlobalSection(SolutionConfigurationPlatforms) = preSolution
		Debug|Any CPU = Debug|Any CPU
		Release|Any CPU = Release|Any CPU
	EndGlobalSection
	GlobalSection(ProjectConfigurationPlatforms) = postSolution
		{605639D4-DB18-4DC8-A2C1-5F62270A715C}.Debug|Any CPU.ActiveCfg = Debug|Any CPU
		{605639D4-DB18-4DC8-A2C1-5F62270A715C}.Debug|Any CPU.Build.0 = Debug|Any CPU
		{605639D4-DB18-4DC8-A2C1-5F62270A715C}.Release|Any CPU.ActiveCfg = Release|Any CPU
		{605639D4-DB18-4DC8-A2C1-5F62270A715C}.Release|Any CPU.Build.0 = Release|Any CPU
		{FB6C6794-32ED-4C67-8DF6-70239CC6782D}.Debug|Any CPU.ActiveCfg = Debug|Any CPU
		{FB6C6794-32ED-4C67-8DF6-70239CC6782D}.Debug|Any CPU.Build.0 = Debug|Any CPU
		{FB6C6794-32ED-4C67-8DF6-70239CC6782D}.Release|Any CPU.ActiveCfg = Release|Any CPU
		{FB6C6794-32ED-4C67-8DF6-70239CC6782D}.Release|Any CPU.Build.0 = Release|Any CPU
		{D02C4C63-219C-420B-8B14-CC048F0F6465}.Debug|Any CPU.ActiveCfg = Debug|Any CPU
		{D02C4C63-219C-420B-8B14-CC048F0F6465}.Debug|Any CPU.Build.0 = Debug|Any CPU
		{D02C4C63-219C-420B-8B14-CC048F0F6465}.Release|Any CPU.ActiveCfg = Release|Any CPU
		{D02C4C63-219C-420B-8B14-CC048F0F6465}.Release|Any CPU.Build.0 = Release|Any CPU
		{8C0A29A9-91E6-49B8-A8B6-2523A5ECFC01}.Debug|Any CPU.ActiveCfg = Debug|Any CPU
		{8C0A29A9-91E6-49B8-A8B6-2523A5ECFC01}.Debug|Any CPU.Build.0 = Debug|Any CPU
		{8C0A29A9-91E6-49B8-A8B6-2523A5ECFC01}.Release|Any CPU.ActiveCfg = Release|Any CPU
		{8C0A29A9-91E6-49B8-A8B6-2523A5ECFC01}.Release|Any CPU.Build.0 = Release|Any CPU
		{C1C08F1F-24F4-4101-A99E-4DF3D48FC804}.Debug|Any CPU.ActiveCfg = Debug|Any CPU
		{C1C08F1F-24F4-4101-A99E-4DF3D48FC804}.Debug|Any CPU.Build.0 = Debug|Any CPU
		{C1C08F1F-24F4-4101-A99E-4DF3D48FC804}.Release|Any CPU.ActiveCfg = Release|Any CPU
		{C1C08F1F-24F4-4101-A99E-4DF3D48FC804}.Release|Any CPU.Build.0 = Release|Any CPU
		{B5575499-9A11-40AF-889E-74FEDA7003E5}.Debug|Any CPU.ActiveCfg = Debug|Any CPU
		{B5575499-9A11-40AF-889E-74FEDA7003E5}.Debug|Any CPU.Build.0 = Debug|Any CPU
		{B5575499-9A11-40AF-889E-74FEDA7003E5}.Release|Any CPU.ActiveCfg = Release|Any CPU
		{B5575499-9A11-40AF-889E-74FEDA7003E5}.Release|Any CPU.Build.0 = Release|Any CPU
		{169B0F1F-7214-4A00-A608-FC111727D0F8}.Debug|Any CPU.ActiveCfg = Debug|Any CPU
		{169B0F1F-7214-4A00-A608-FC111727D0F8}.Debug|Any CPU.Build.0 = Debug|Any CPU
		{169B0F1F-7214-4A00-A608-FC111727D0F8}.Release|Any CPU.ActiveCfg = Release|Any CPU
		{169B0F1F-7214-4A00-A608-FC111727D0F8}.Release|Any CPU.Build.0 = Release|Any CPU
		{62EBD20D-962A-4866-89B9-91735E6450EE}.Debug|Any CPU.ActiveCfg = Debug|Any CPU
		{62EBD20D-962A-4866-89B9-91735E6450EE}.Debug|Any CPU.Build.0 = Debug|Any CPU
		{62EBD20D-962A-4866-89B9-91735E6450EE}.Release|Any CPU.ActiveCfg = Release|Any CPU
		{62EBD20D-962A-4866-89B9-91735E6450EE}.Release|Any CPU.Build.0 = Release|Any CPU
		{5C94510E-CEDE-40AD-9521-2AF2D23975EA}.Debug|Any CPU.ActiveCfg = Debug|Any CPU
		{5C94510E-CEDE-40AD-9521-2AF2D23975EA}.Debug|Any CPU.Build.0 = Debug|Any CPU
		{5C94510E-CEDE-40AD-9521-2AF2D23975EA}.Release|Any CPU.ActiveCfg = Release|Any CPU
		{5C94510E-CEDE-40AD-9521-2AF2D23975EA}.Release|Any CPU.Build.0 = Release|Any CPU
		{EB1E3D57-8789-4794-BE17-320298B4BAC7}.Debug|Any CPU.ActiveCfg = Debug|Any CPU
		{EB1E3D57-8789-4794-BE17-320298B4BAC7}.Debug|Any CPU.Build.0 = Debug|Any CPU
		{EB1E3D57-8789-4794-BE17-320298B4BAC7}.Release|Any CPU.ActiveCfg = Release|Any CPU
		{EB1E3D57-8789-4794-BE17-320298B4BAC7}.Release|Any CPU.Build.0 = Release|Any CPU
		{B6138B99-D2AA-40B4-8302-B172EFC69BF9}.Debug|Any CPU.ActiveCfg = Debug|Any CPU
		{B6138B99-D2AA-40B4-8302-B172EFC69BF9}.Debug|Any CPU.Build.0 = Debug|Any CPU
		{B6138B99-D2AA-40B4-8302-B172EFC69BF9}.Release|Any CPU.ActiveCfg = Release|Any CPU
		{B6138B99-D2AA-40B4-8302-B172EFC69BF9}.Release|Any CPU.Build.0 = Release|Any CPU
		{C1FF629A-75A4-4330-AF39-FCE2B05658E2}.Debug|Any CPU.ActiveCfg = Debug|Any CPU
		{C1FF629A-75A4-4330-AF39-FCE2B05658E2}.Debug|Any CPU.Build.0 = Debug|Any CPU
		{C1FF629A-75A4-4330-AF39-FCE2B05658E2}.Release|Any CPU.ActiveCfg = Release|Any CPU
		{C1FF629A-75A4-4330-AF39-FCE2B05658E2}.Release|Any CPU.Build.0 = Release|Any CPU
		{3CC398FE-1199-4204-BA2E-C9DB12788450}.Debug|Any CPU.ActiveCfg = Debug|Any CPU
		{3CC398FE-1199-4204-BA2E-C9DB12788450}.Debug|Any CPU.Build.0 = Debug|Any CPU
		{3CC398FE-1199-4204-BA2E-C9DB12788450}.Release|Any CPU.ActiveCfg = Release|Any CPU
		{3CC398FE-1199-4204-BA2E-C9DB12788450}.Release|Any CPU.Build.0 = Release|Any CPU
		{3840A16B-2078-4B53-837C-61B3474DE2BC}.Debug|Any CPU.ActiveCfg = Debug|Any CPU
		{3840A16B-2078-4B53-837C-61B3474DE2BC}.Debug|Any CPU.Build.0 = Debug|Any CPU
		{3840A16B-2078-4B53-837C-61B3474DE2BC}.Release|Any CPU.ActiveCfg = Release|Any CPU
		{3840A16B-2078-4B53-837C-61B3474DE2BC}.Release|Any CPU.Build.0 = Release|Any CPU
		{F92545ED-6F3E-467A-BF82-25A9E1C94520}.Debug|Any CPU.ActiveCfg = Debug|Any CPU
		{F92545ED-6F3E-467A-BF82-25A9E1C94520}.Debug|Any CPU.Build.0 = Debug|Any CPU
		{F92545ED-6F3E-467A-BF82-25A9E1C94520}.Release|Any CPU.ActiveCfg = Release|Any CPU
		{F92545ED-6F3E-467A-BF82-25A9E1C94520}.Release|Any CPU.Build.0 = Release|Any CPU
		{7F3D2FC2-8983-4CBE-A476-919E0C785BAA}.Debug|Any CPU.ActiveCfg = Debug|Any CPU
		{7F3D2FC2-8983-4CBE-A476-919E0C785BAA}.Debug|Any CPU.Build.0 = Debug|Any CPU
		{7F3D2FC2-8983-4CBE-A476-919E0C785BAA}.Release|Any CPU.ActiveCfg = Release|Any CPU
		{7F3D2FC2-8983-4CBE-A476-919E0C785BAA}.Release|Any CPU.Build.0 = Release|Any CPU
		{8013525B-0B2F-4F90-8216-B681BE5CD203}.Debug|Any CPU.ActiveCfg = Debug|Any CPU
		{8013525B-0B2F-4F90-8216-B681BE5CD203}.Debug|Any CPU.Build.0 = Debug|Any CPU
		{8013525B-0B2F-4F90-8216-B681BE5CD203}.Release|Any CPU.ActiveCfg = Release|Any CPU
		{8013525B-0B2F-4F90-8216-B681BE5CD203}.Release|Any CPU.Build.0 = Release|Any CPU
		{EF9D3D86-D4E6-4824-BD34-9C641EC30797}.Debug|Any CPU.ActiveCfg = Debug|Any CPU
		{EF9D3D86-D4E6-4824-BD34-9C641EC30797}.Debug|Any CPU.Build.0 = Debug|Any CPU
		{EF9D3D86-D4E6-4824-BD34-9C641EC30797}.Release|Any CPU.ActiveCfg = Release|Any CPU
		{EF9D3D86-D4E6-4824-BD34-9C641EC30797}.Release|Any CPU.Build.0 = Release|Any CPU
		{2D59EE1E-DF03-40CB-845A-7455A9C47404}.Debug|Any CPU.ActiveCfg = Debug|Any CPU
		{2D59EE1E-DF03-40CB-845A-7455A9C47404}.Debug|Any CPU.Build.0 = Debug|Any CPU
		{2D59EE1E-DF03-40CB-845A-7455A9C47404}.Release|Any CPU.ActiveCfg = Release|Any CPU
		{2D59EE1E-DF03-40CB-845A-7455A9C47404}.Release|Any CPU.Build.0 = Release|Any CPU
		{3F71DFAC-7A54-4FB1-BABA-D4773C7C1064}.Debug|Any CPU.ActiveCfg = Debug|Any CPU
		{3F71DFAC-7A54-4FB1-BABA-D4773C7C1064}.Debug|Any CPU.Build.0 = Debug|Any CPU
		{3F71DFAC-7A54-4FB1-BABA-D4773C7C1064}.Release|Any CPU.ActiveCfg = Release|Any CPU
		{3F71DFAC-7A54-4FB1-BABA-D4773C7C1064}.Release|Any CPU.Build.0 = Release|Any CPU
		{ED901E02-CBB5-4BF3-9AA9-5C92A980EAAD}.Debug|Any CPU.ActiveCfg = Debug|Any CPU
		{ED901E02-CBB5-4BF3-9AA9-5C92A980EAAD}.Debug|Any CPU.Build.0 = Debug|Any CPU
		{ED901E02-CBB5-4BF3-9AA9-5C92A980EAAD}.Release|Any CPU.ActiveCfg = Release|Any CPU
		{ED901E02-CBB5-4BF3-9AA9-5C92A980EAAD}.Release|Any CPU.Build.0 = Release|Any CPU
		{01E882E3-21A4-4CF5-AD4C-F629F1014CBE}.Debug|Any CPU.ActiveCfg = Debug|Any CPU
		{01E882E3-21A4-4CF5-AD4C-F629F1014CBE}.Debug|Any CPU.Build.0 = Debug|Any CPU
		{01E882E3-21A4-4CF5-AD4C-F629F1014CBE}.Release|Any CPU.ActiveCfg = Release|Any CPU
		{01E882E3-21A4-4CF5-AD4C-F629F1014CBE}.Release|Any CPU.Build.0 = Release|Any CPU
		{768447F5-B32A-4A92-B887-2CB8770F972B}.Debug|Any CPU.ActiveCfg = Debug|Any CPU
		{768447F5-B32A-4A92-B887-2CB8770F972B}.Debug|Any CPU.Build.0 = Debug|Any CPU
		{768447F5-B32A-4A92-B887-2CB8770F972B}.Release|Any CPU.ActiveCfg = Release|Any CPU
		{768447F5-B32A-4A92-B887-2CB8770F972B}.Release|Any CPU.Build.0 = Release|Any CPU
		{E2274D5D-9924-456A-B428-342B24DCDCD9}.Debug|Any CPU.ActiveCfg = Debug|Any CPU
		{E2274D5D-9924-456A-B428-342B24DCDCD9}.Debug|Any CPU.Build.0 = Debug|Any CPU
		{E2274D5D-9924-456A-B428-342B24DCDCD9}.Release|Any CPU.ActiveCfg = Release|Any CPU
		{E2274D5D-9924-456A-B428-342B24DCDCD9}.Release|Any CPU.Build.0 = Release|Any CPU
		{EF298A1F-5E53-450B-BBB1-3A0A59343100}.Debug|Any CPU.ActiveCfg = Debug|Any CPU
		{EF298A1F-5E53-450B-BBB1-3A0A59343100}.Debug|Any CPU.Build.0 = Debug|Any CPU
		{EF298A1F-5E53-450B-BBB1-3A0A59343100}.Release|Any CPU.ActiveCfg = Release|Any CPU
		{EF298A1F-5E53-450B-BBB1-3A0A59343100}.Release|Any CPU.Build.0 = Release|Any CPU
		{E4410B29-D1ED-42BB-996A-91566C5B2422}.Debug|Any CPU.ActiveCfg = Debug|Any CPU
		{E4410B29-D1ED-42BB-996A-91566C5B2422}.Debug|Any CPU.Build.0 = Debug|Any CPU
		{E4410B29-D1ED-42BB-996A-91566C5B2422}.Release|Any CPU.ActiveCfg = Release|Any CPU
		{E4410B29-D1ED-42BB-996A-91566C5B2422}.Release|Any CPU.Build.0 = Release|Any CPU
		{69EA5C17-A835-4724-A5A7-D29475501244}.Debug|Any CPU.ActiveCfg = Debug|Any CPU
		{69EA5C17-A835-4724-A5A7-D29475501244}.Debug|Any CPU.Build.0 = Debug|Any CPU
		{69EA5C17-A835-4724-A5A7-D29475501244}.Release|Any CPU.ActiveCfg = Release|Any CPU
		{69EA5C17-A835-4724-A5A7-D29475501244}.Release|Any CPU.Build.0 = Release|Any CPU
		{CFF1E491-3BA9-4D68-A9D9-157585FCF36E}.Debug|Any CPU.ActiveCfg = Debug|Any CPU
		{CFF1E491-3BA9-4D68-A9D9-157585FCF36E}.Debug|Any CPU.Build.0 = Debug|Any CPU
		{CFF1E491-3BA9-4D68-A9D9-157585FCF36E}.Release|Any CPU.ActiveCfg = Release|Any CPU
		{CFF1E491-3BA9-4D68-A9D9-157585FCF36E}.Release|Any CPU.Build.0 = Release|Any CPU
		{9313CC0D-249F-4070-AA3B-C12CABA77EDE}.Debug|Any CPU.ActiveCfg = Debug|Any CPU
		{9313CC0D-249F-4070-AA3B-C12CABA77EDE}.Debug|Any CPU.Build.0 = Debug|Any CPU
		{9313CC0D-249F-4070-AA3B-C12CABA77EDE}.Release|Any CPU.ActiveCfg = Release|Any CPU
		{9313CC0D-249F-4070-AA3B-C12CABA77EDE}.Release|Any CPU.Build.0 = Release|Any CPU
		{CC5CAE22-325B-4D6F-8C0C-C2A3998B1909}.Debug|Any CPU.ActiveCfg = Debug|Any CPU
		{CC5CAE22-325B-4D6F-8C0C-C2A3998B1909}.Debug|Any CPU.Build.0 = Debug|Any CPU
		{CC5CAE22-325B-4D6F-8C0C-C2A3998B1909}.Release|Any CPU.ActiveCfg = Release|Any CPU
		{CC5CAE22-325B-4D6F-8C0C-C2A3998B1909}.Release|Any CPU.Build.0 = Release|Any CPU
		{B6880982-B751-44A2-9D48-4929267B24FA}.Debug|Any CPU.ActiveCfg = Debug|Any CPU
		{B6880982-B751-44A2-9D48-4929267B24FA}.Debug|Any CPU.Build.0 = Debug|Any CPU
		{B6880982-B751-44A2-9D48-4929267B24FA}.Release|Any CPU.ActiveCfg = Release|Any CPU
		{B6880982-B751-44A2-9D48-4929267B24FA}.Release|Any CPU.Build.0 = Release|Any CPU
		{B907D6AD-1C51-4A12-BF59-49C3E880FA52}.Debug|Any CPU.ActiveCfg = Debug|Any CPU
		{B907D6AD-1C51-4A12-BF59-49C3E880FA52}.Debug|Any CPU.Build.0 = Debug|Any CPU
		{B907D6AD-1C51-4A12-BF59-49C3E880FA52}.Release|Any CPU.ActiveCfg = Release|Any CPU
		{B907D6AD-1C51-4A12-BF59-49C3E880FA52}.Release|Any CPU.Build.0 = Release|Any CPU
		{15275567-65C8-4DDE-94DB-0BCBC8DBC414}.Debug|Any CPU.ActiveCfg = Debug|Any CPU
		{15275567-65C8-4DDE-94DB-0BCBC8DBC414}.Debug|Any CPU.Build.0 = Debug|Any CPU
		{15275567-65C8-4DDE-94DB-0BCBC8DBC414}.Release|Any CPU.ActiveCfg = Release|Any CPU
		{15275567-65C8-4DDE-94DB-0BCBC8DBC414}.Release|Any CPU.Build.0 = Release|Any CPU
		{853C7229-1331-4DDA-95CC-541AB2410CB6}.Debug|Any CPU.ActiveCfg = Debug|Any CPU
		{853C7229-1331-4DDA-95CC-541AB2410CB6}.Debug|Any CPU.Build.0 = Debug|Any CPU
		{853C7229-1331-4DDA-95CC-541AB2410CB6}.Release|Any CPU.ActiveCfg = Release|Any CPU
		{853C7229-1331-4DDA-95CC-541AB2410CB6}.Release|Any CPU.Build.0 = Release|Any CPU
		{72E9FC95-152F-4BA2-A016-E30B257D625F}.Debug|Any CPU.ActiveCfg = Debug|Any CPU
		{72E9FC95-152F-4BA2-A016-E30B257D625F}.Debug|Any CPU.Build.0 = Debug|Any CPU
		{72E9FC95-152F-4BA2-A016-E30B257D625F}.Release|Any CPU.ActiveCfg = Release|Any CPU
		{72E9FC95-152F-4BA2-A016-E30B257D625F}.Release|Any CPU.Build.0 = Release|Any CPU
		{43C7A87A-D612-43E6-B333-378DD90A887C}.Debug|Any CPU.ActiveCfg = Debug|Any CPU
		{43C7A87A-D612-43E6-B333-378DD90A887C}.Debug|Any CPU.Build.0 = Debug|Any CPU
		{43C7A87A-D612-43E6-B333-378DD90A887C}.Release|Any CPU.ActiveCfg = Release|Any CPU
		{43C7A87A-D612-43E6-B333-378DD90A887C}.Release|Any CPU.Build.0 = Release|Any CPU
		{1ECB058B-915B-48D9-A603-AF4A1BE06B6E}.Debug|Any CPU.ActiveCfg = Debug|Any CPU
		{1ECB058B-915B-48D9-A603-AF4A1BE06B6E}.Debug|Any CPU.Build.0 = Debug|Any CPU
		{1ECB058B-915B-48D9-A603-AF4A1BE06B6E}.Release|Any CPU.ActiveCfg = Release|Any CPU
		{1ECB058B-915B-48D9-A603-AF4A1BE06B6E}.Release|Any CPU.Build.0 = Release|Any CPU
		{B27F90BC-18A1-453C-81D3-8DFD352901F5}.Debug|Any CPU.ActiveCfg = Debug|Any CPU
		{B27F90BC-18A1-453C-81D3-8DFD352901F5}.Debug|Any CPU.Build.0 = Debug|Any CPU
		{B27F90BC-18A1-453C-81D3-8DFD352901F5}.Release|Any CPU.ActiveCfg = Release|Any CPU
		{B27F90BC-18A1-453C-81D3-8DFD352901F5}.Release|Any CPU.Build.0 = Release|Any CPU
		{28252797-8B67-412D-AD1F-2B18FEFAED0C}.Debug|Any CPU.ActiveCfg = Debug|Any CPU
		{28252797-8B67-412D-AD1F-2B18FEFAED0C}.Debug|Any CPU.Build.0 = Debug|Any CPU
		{28252797-8B67-412D-AD1F-2B18FEFAED0C}.Release|Any CPU.ActiveCfg = Release|Any CPU
		{28252797-8B67-412D-AD1F-2B18FEFAED0C}.Release|Any CPU.Build.0 = Release|Any CPU
		{2B9545A3-869A-4468-9185-1C26E439C0F9}.Debug|Any CPU.ActiveCfg = Debug|Any CPU
		{2B9545A3-869A-4468-9185-1C26E439C0F9}.Debug|Any CPU.Build.0 = Debug|Any CPU
		{2B9545A3-869A-4468-9185-1C26E439C0F9}.Release|Any CPU.ActiveCfg = Release|Any CPU
		{2B9545A3-869A-4468-9185-1C26E439C0F9}.Release|Any CPU.Build.0 = Release|Any CPU
		{37FED623-2BE9-43E3-92C7-366F98FDC051}.Debug|Any CPU.ActiveCfg = Debug|Any CPU
		{37FED623-2BE9-43E3-92C7-366F98FDC051}.Debug|Any CPU.Build.0 = Debug|Any CPU
		{37FED623-2BE9-43E3-92C7-366F98FDC051}.Release|Any CPU.ActiveCfg = Release|Any CPU
		{37FED623-2BE9-43E3-92C7-366F98FDC051}.Release|Any CPU.Build.0 = Release|Any CPU
		{F6F561AD-90B1-4593-84E7-B1E5F06836B6}.Debug|Any CPU.ActiveCfg = Debug|Any CPU
		{F6F561AD-90B1-4593-84E7-B1E5F06836B6}.Debug|Any CPU.Build.0 = Debug|Any CPU
		{F6F561AD-90B1-4593-84E7-B1E5F06836B6}.Release|Any CPU.ActiveCfg = Release|Any CPU
		{F6F561AD-90B1-4593-84E7-B1E5F06836B6}.Release|Any CPU.Build.0 = Release|Any CPU
		{542463FF-1015-47E5-9ACE-307A169DC3E0}.Debug|Any CPU.ActiveCfg = Debug|Any CPU
		{542463FF-1015-47E5-9ACE-307A169DC3E0}.Debug|Any CPU.Build.0 = Debug|Any CPU
		{542463FF-1015-47E5-9ACE-307A169DC3E0}.Release|Any CPU.ActiveCfg = Release|Any CPU
		{542463FF-1015-47E5-9ACE-307A169DC3E0}.Release|Any CPU.Build.0 = Release|Any CPU
		{A2DF362A-C8A9-445F-88E1-A62841BE6A1C}.Debug|Any CPU.ActiveCfg = Debug|Any CPU
		{A2DF362A-C8A9-445F-88E1-A62841BE6A1C}.Debug|Any CPU.Build.0 = Debug|Any CPU
		{A2DF362A-C8A9-445F-88E1-A62841BE6A1C}.Release|Any CPU.ActiveCfg = Release|Any CPU
		{A2DF362A-C8A9-445F-88E1-A62841BE6A1C}.Release|Any CPU.Build.0 = Release|Any CPU
		{797D1187-8987-4320-AA1F-573D402D2842}.Debug|Any CPU.ActiveCfg = Debug|Any CPU
		{797D1187-8987-4320-AA1F-573D402D2842}.Debug|Any CPU.Build.0 = Debug|Any CPU
		{797D1187-8987-4320-AA1F-573D402D2842}.Release|Any CPU.ActiveCfg = Release|Any CPU
		{797D1187-8987-4320-AA1F-573D402D2842}.Release|Any CPU.Build.0 = Release|Any CPU
		{02A5717A-84F4-4DE8-805C-C7E8541A4C67}.Debug|Any CPU.ActiveCfg = Debug|Any CPU
		{02A5717A-84F4-4DE8-805C-C7E8541A4C67}.Debug|Any CPU.Build.0 = Debug|Any CPU
		{02A5717A-84F4-4DE8-805C-C7E8541A4C67}.Release|Any CPU.ActiveCfg = Release|Any CPU
		{02A5717A-84F4-4DE8-805C-C7E8541A4C67}.Release|Any CPU.Build.0 = Release|Any CPU
		{A3EEF789-B73A-4BC6-9F24-6EC9F986FBCD}.Debug|Any CPU.ActiveCfg = Debug|Any CPU
		{A3EEF789-B73A-4BC6-9F24-6EC9F986FBCD}.Debug|Any CPU.Build.0 = Debug|Any CPU
		{A3EEF789-B73A-4BC6-9F24-6EC9F986FBCD}.Release|Any CPU.ActiveCfg = Release|Any CPU
		{A3EEF789-B73A-4BC6-9F24-6EC9F986FBCD}.Release|Any CPU.Build.0 = Release|Any CPU
		{9726CD5C-F7A4-4CFA-985A-8BA95982A354}.Debug|Any CPU.ActiveCfg = Debug|Any CPU
		{9726CD5C-F7A4-4CFA-985A-8BA95982A354}.Debug|Any CPU.Build.0 = Debug|Any CPU
		{9726CD5C-F7A4-4CFA-985A-8BA95982A354}.Release|Any CPU.ActiveCfg = Release|Any CPU
		{9726CD5C-F7A4-4CFA-985A-8BA95982A354}.Release|Any CPU.Build.0 = Release|Any CPU
		{1B3D20A4-83C0-40DE-8444-77F9F0B8EB0A}.Debug|Any CPU.ActiveCfg = Debug|Any CPU
		{1B3D20A4-83C0-40DE-8444-77F9F0B8EB0A}.Debug|Any CPU.Build.0 = Debug|Any CPU
		{1B3D20A4-83C0-40DE-8444-77F9F0B8EB0A}.Release|Any CPU.ActiveCfg = Release|Any CPU
		{1B3D20A4-83C0-40DE-8444-77F9F0B8EB0A}.Release|Any CPU.Build.0 = Release|Any CPU
		{2310347F-6544-41A5-BF1D-316AC273DEC0}.Debug|Any CPU.ActiveCfg = Debug|Any CPU
		{2310347F-6544-41A5-BF1D-316AC273DEC0}.Debug|Any CPU.Build.0 = Debug|Any CPU
		{2310347F-6544-41A5-BF1D-316AC273DEC0}.Release|Any CPU.ActiveCfg = Release|Any CPU
		{2310347F-6544-41A5-BF1D-316AC273DEC0}.Release|Any CPU.Build.0 = Release|Any CPU
		{DC94FAEE-EB52-4716-B511-DF487AB85432}.Debug|Any CPU.ActiveCfg = Debug|Any CPU
		{DC94FAEE-EB52-4716-B511-DF487AB85432}.Debug|Any CPU.Build.0 = Debug|Any CPU
		{DC94FAEE-EB52-4716-B511-DF487AB85432}.Release|Any CPU.ActiveCfg = Release|Any CPU
		{DC94FAEE-EB52-4716-B511-DF487AB85432}.Release|Any CPU.Build.0 = Release|Any CPU
		{92176BA1-E5AB-4EF4-9EF0-4C61AC02D990}.Debug|Any CPU.ActiveCfg = Debug|Any CPU
		{92176BA1-E5AB-4EF4-9EF0-4C61AC02D990}.Debug|Any CPU.Build.0 = Debug|Any CPU
		{92176BA1-E5AB-4EF4-9EF0-4C61AC02D990}.Release|Any CPU.ActiveCfg = Release|Any CPU
		{92176BA1-E5AB-4EF4-9EF0-4C61AC02D990}.Release|Any CPU.Build.0 = Release|Any CPU
	EndGlobalSection
	GlobalSection(SolutionProperties) = preSolution
		HideSolutionNode = FALSE
	EndGlobalSection
	GlobalSection(ExtensibilityGlobals) = postSolution
		SolutionGuid = {20791EC3-32A4-4F9A-99C2-2B4B48C0F4DC}
	EndGlobalSection
EndGlobal
