
Microsoft Visual Studio Solution File, Format Version 12.00
# Visual Studio 15
VisualStudioVersion = 15.0.27703.2047
MinimumVisualStudioVersion = 10.0.40219.1
Project("{FAE04EC0-301F-11D3-BF4B-00C04F79EFBC}") = "Entidades", "Entidades\Entidades.csproj", "{7A6A58BC-7AED-41F3-9B23-DE6083663500}"
EndProject
Project("{FAE04EC0-301F-11D3-BF4B-00C04F79EFBC}") = "Test", "Test\Test.csproj", "{064A20BD-BB70-4A31-9781-EDEDBBB00FC3}"
EndProject
Global
	GlobalSection(SolutionConfigurationPlatforms) = preSolution
		Debug|Any CPU = Debug|Any CPU
		Release|Any CPU = Release|Any CPU
	EndGlobalSection
	GlobalSection(ProjectConfigurationPlatforms) = postSolution
		{7A6A58BC-7AED-41F3-9B23-DE6083663500}.Debug|Any CPU.ActiveCfg = Debug|Any CPU
		{7A6A58BC-7AED-41F3-9B23-DE6083663500}.Debug|Any CPU.Build.0 = Debug|Any CPU
		{7A6A58BC-7AED-41F3-9B23-DE6083663500}.Release|Any CPU.ActiveCfg = Release|Any CPU
		{7A6A58BC-7AED-41F3-9B23-DE6083663500}.Release|Any CPU.Build.0 = Release|Any CPU
		{064A20BD-BB70-4A31-9781-EDEDBBB00FC3}.Debug|Any CPU.ActiveCfg = Debug|Any CPU
		{064A20BD-BB70-4A31-9781-EDEDBBB00FC3}.Debug|Any CPU.Build.0 = Debug|Any CPU
		{064A20BD-BB70-4A31-9781-EDEDBBB00FC3}.Release|Any CPU.ActiveCfg = Release|Any CPU
		{064A20BD-BB70-4A31-9781-EDEDBBB00FC3}.Release|Any CPU.Build.0 = Release|Any CPU
	EndGlobalSection
	GlobalSection(SolutionProperties) = preSolution
		HideSolutionNode = FALSE
	EndGlobalSection
	GlobalSection(ExtensibilityGlobals) = postSolution
		SolutionGuid = {C601C8A7-D555-4370-89F6-ED3F73E87D03}
	EndGlobalSection
EndGlobal
