
Microsoft Visual Studio Solution File, Format Version 12.00
# Visual Studio 15
VisualStudioVersion = 15.0.28307.572
MinimumVisualStudioVersion = 10.0.40219.1
Project("{FAE04EC0-301F-11D3-BF4B-00C04F79EFBC}") = "Test", "Test\Test.csproj", "{FB380BAB-0636-4B4E-B471-B696ADFF1786}"
EndProject
Project("{FAE04EC0-301F-11D3-BF4B-00C04F79EFBC}") = "Entidades", "Entidades\Entidades.csproj", "{0F56ECF1-C520-46BA-92CA-688F8BBD67DA}"
EndProject
Project("{FAE04EC0-301F-11D3-BF4B-00C04F79EFBC}") = "TestUnitario_Centralita", "TestUnitario\TestUnitario_Centralita.csproj", "{91EE302A-19AA-4FBA-B17C-E4A4BA476229}"
EndProject
Global
	GlobalSection(SolutionConfigurationPlatforms) = preSolution
		Debug|Any CPU = Debug|Any CPU
		Release|Any CPU = Release|Any CPU
	EndGlobalSection
	GlobalSection(ProjectConfigurationPlatforms) = postSolution
		{FB380BAB-0636-4B4E-B471-B696ADFF1786}.Debug|Any CPU.ActiveCfg = Debug|Any CPU
		{FB380BAB-0636-4B4E-B471-B696ADFF1786}.Debug|Any CPU.Build.0 = Debug|Any CPU
		{FB380BAB-0636-4B4E-B471-B696ADFF1786}.Release|Any CPU.ActiveCfg = Release|Any CPU
		{FB380BAB-0636-4B4E-B471-B696ADFF1786}.Release|Any CPU.Build.0 = Release|Any CPU
		{0F56ECF1-C520-46BA-92CA-688F8BBD67DA}.Debug|Any CPU.ActiveCfg = Debug|Any CPU
		{0F56ECF1-C520-46BA-92CA-688F8BBD67DA}.Debug|Any CPU.Build.0 = Debug|Any CPU
		{0F56ECF1-C520-46BA-92CA-688F8BBD67DA}.Release|Any CPU.ActiveCfg = Release|Any CPU
		{0F56ECF1-C520-46BA-92CA-688F8BBD67DA}.Release|Any CPU.Build.0 = Release|Any CPU
		{91EE302A-19AA-4FBA-B17C-E4A4BA476229}.Debug|Any CPU.ActiveCfg = Debug|Any CPU
		{91EE302A-19AA-4FBA-B17C-E4A4BA476229}.Debug|Any CPU.Build.0 = Debug|Any CPU
		{91EE302A-19AA-4FBA-B17C-E4A4BA476229}.Release|Any CPU.ActiveCfg = Release|Any CPU
		{91EE302A-19AA-4FBA-B17C-E4A4BA476229}.Release|Any CPU.Build.0 = Release|Any CPU
	EndGlobalSection
	GlobalSection(SolutionProperties) = preSolution
		HideSolutionNode = FALSE
	EndGlobalSection
	GlobalSection(ExtensibilityGlobals) = postSolution
		SolutionGuid = {3A48D037-5DE1-4F3C-883B-645F5949A4AA}
	EndGlobalSection
EndGlobal
