
Microsoft Visual Studio Solution File, Format Version 12.00
# Visual Studio 15
VisualStudioVersion = 15.0.27703.2047
MinimumVisualStudioVersion = 10.0.40219.1
Project("{FAE04EC0-301F-11D3-BF4B-00C04F79EFBC}") = "Contabilidad", "Contabilidad\Contabilidad.csproj", "{D3FE85D5-0A7C-4D26-A2DB-055706567C05}"
EndProject
Project("{FAE04EC0-301F-11D3-BF4B-00C04F79EFBC}") = "TestEjercicio48", "TestEjercicio48\TestEjercicio48.csproj", "{F8D6C717-1E3D-4BD6-8022-281CCF2C3D6D}"
EndProject
Global
	GlobalSection(SolutionConfigurationPlatforms) = preSolution
		Debug|Any CPU = Debug|Any CPU
		Release|Any CPU = Release|Any CPU
	EndGlobalSection
	GlobalSection(ProjectConfigurationPlatforms) = postSolution
		{D3FE85D5-0A7C-4D26-A2DB-055706567C05}.Debug|Any CPU.ActiveCfg = Debug|Any CPU
		{D3FE85D5-0A7C-4D26-A2DB-055706567C05}.Debug|Any CPU.Build.0 = Debug|Any CPU
		{D3FE85D5-0A7C-4D26-A2DB-055706567C05}.Release|Any CPU.ActiveCfg = Release|Any CPU
		{D3FE85D5-0A7C-4D26-A2DB-055706567C05}.Release|Any CPU.Build.0 = Release|Any CPU
		{F8D6C717-1E3D-4BD6-8022-281CCF2C3D6D}.Debug|Any CPU.ActiveCfg = Debug|Any CPU
		{F8D6C717-1E3D-4BD6-8022-281CCF2C3D6D}.Debug|Any CPU.Build.0 = Debug|Any CPU
		{F8D6C717-1E3D-4BD6-8022-281CCF2C3D6D}.Release|Any CPU.ActiveCfg = Release|Any CPU
		{F8D6C717-1E3D-4BD6-8022-281CCF2C3D6D}.Release|Any CPU.Build.0 = Release|Any CPU
	EndGlobalSection
	GlobalSection(SolutionProperties) = preSolution
		HideSolutionNode = FALSE
	EndGlobalSection
	GlobalSection(ExtensibilityGlobals) = postSolution
		SolutionGuid = {45052CC5-AD18-4323-9952-45570A8D53A1}
	EndGlobalSection
EndGlobal
